// !$*UTF8*$!
{
	archiveVersion = 1;
	classes = {
	};
	objectVersion = 77;
	objects = {

/* Begin PBXBuildFile section */
		671BC7B12FD9FDDF001CA700 /* AutoGDPRRejectApp.swift in Sources */ = {isa = PBXBuildFile; fileRef = 671BC7B22FD9FDDF001CA700 /* AutoGDPRRejectApp.swift */; };
		671BC7B32FD9FDDF001CA700 /* ContentView.swift in Sources */ = {isa = PBXBuildFile; fileRef = 671BC7B42FD9FDDF001CA700 /* ContentView.swift */; };
		671BC7832FD9FDDF001CA700 /* Assets.xcassets in Resources */ = {isa = PBXBuildFile; fileRef = 671BC7822FD9FDDF001CA700 /* Assets.xcassets */; };
		671BC78A2FD9FDDF001CA700 /* Auto GDPR Reject Extension.appex in Embed Foundation Extensions */ = {isa = PBXBuildFile; fileRef = 671BC7892FD9FDDF001CA700 /* Auto GDPR Reject Extension.appex */; settings = {ATTRIBUTES = (RemoveHeadersOnCopy, ); }; };
		671BC78F2FD9FDDF001CA700 /* SafariWebExtensionHandler.swift in Sources */ = {isa = PBXBuildFile; fileRef = 671BC78E2FD9FDDF001CA700 /* SafariWebExtensionHandler.swift */; };
		671BC79E2FD9FDDF001CA700 /* images in Resources */ = {isa = PBXBuildFile; fileRef = 671BC79B2FD9FDDF001CA700 /* images */; };
		671BC79F2FD9FDDF001CA700 /* manifest.json in Resources */ = {isa = PBXBuildFile; fileRef = 671BC79C2FD9FDDF001CA700 /* manifest.json */; };
		671BC7A02FD9FDDF001CA700 /* content.js in Resources */ = {isa = PBXBuildFile; fileRef = 671BC79D2FD9FDDF001CA700 /* content.js */; };
/* End PBXBuildFile section */

/* Begin PBXContainerItemProxy section */
		671BC78B2FD9FDDF001CA700 /* PBXContainerItemProxy */ = {
			isa = PBXContainerItemProxy;
			containerPortal = 671BC7662FD9FDDF001CA700 /* Project object */;
			proxyType = 1;
			remoteGlobalIDString = 671BC7882FD9FDDF001CA700;
			remoteInfo = "Auto GDPR Reject Extension";
		};
/* End PBXContainerItemProxy section */

/* Begin PBXCopyFilesBuildPhase section */
		671BC7962FD9FDDF001CA700 /* Embed Foundation Extensions */ = {
			isa = PBXCopyFilesBuildPhase;
			buildActionMask = 2147483647;
			dstPath = "";
			dstSubfolderSpec = 13;
			files = (
				671BC78A2FD9FDDF001CA700 /* Auto GDPR Reject Extension.appex in Embed Foundation Extensions */,
			);
			name = "Embed Foundation Extensions";
			runOnlyForDeploymentPostprocessing = 0;
		};
/* End PBXCopyFilesBuildPhase section */

/* Begin PBXFileReference section */
		671BC76E2FD9FDDF001CA700 /* Auto GDPR Reject.app */ = {isa = PBXFileReference; explicitFileType = wrapper.application; includeInIndex = 0; path = "Auto GDPR Reject.app"; sourceTree = BUILT_PRODUCTS_DIR; };
		671BC7B22FD9FDDF001CA700 /* AutoGDPRRejectApp.swift */ = {isa = PBXFileReference; lastKnownFileType = sourcecode.swift; path = AutoGDPRRejectApp.swift; sourceTree = "<group>"; };
		671BC7B42FD9FDDF001CA700 /* ContentView.swift */ = {isa = PBXFileReference; lastKnownFileType = sourcecode.swift; path = ContentView.swift; sourceTree = "<group>"; };
		671BC7822FD9FDDF001CA700 /* Assets.xcassets */ = {isa = PBXFileReference; lastKnownFileType = folder.assetcatalog; path = Assets.xcassets; sourceTree = "<group>"; };
		671BC7842FD9FDDF001CA700 /* Info.plist */ = {isa = PBXFileReference; lastKnownFileType = text.plist.xml; path = Info.plist; sourceTree = "<group>"; };
		671BC7892FD9FDDF001CA700 /* Auto GDPR Reject Extension.appex */ = {isa = PBXFileReference; explicitFileType = "wrapper.app-extension"; includeInIndex = 0; path = "Auto GDPR Reject Extension.appex"; sourceTree = BUILT_PRODUCTS_DIR; };
		671BC78E2FD9FDDF001CA700 /* SafariWebExtensionHandler.swift */ = {isa = PBXFileReference; lastKnownFileType = sourcecode.swift; path = SafariWebExtensionHandler.swift; sourceTree = "<group>"; };
		671BC7902FD9FDDF001CA700 /* Info.plist */ = {isa = PBXFileReference; lastKnownFileType = text.plist.xml; path = Info.plist; sourceTree = "<group>"; };
		671BC79B2FD9FDDF001CA700 /* images */ = {isa = PBXFileReference; lastKnownFileType = folder; name = images; path = ../../extension/images; sourceTree = "<group>"; };
		671BC79C2FD9FDDF001CA700 /* manifest.json */ = {isa = PBXFileReference; lastKnownFileType = text.json; name = manifest.json; path = ../../extension/manifest.json; sourceTree = "<group>"; };
		671BC79D2FD9FDDF001CA700 /* content.js */ = {isa = PBXFileReference; lastKnownFileType = sourcecode.javascript; name = content.js; path = ../../extension/content.js; sourceTree = "<group>"; };
/* End PBXFileReference section */

/* Begin PBXFrameworksBuildPhase section */
		671BC76B2FD9FDDF001CA700 /* Frameworks */ = {
			isa = PBXFrameworksBuildPhase;
			buildActionMask = 2147483647;
			files = (
			);
			runOnlyForDeploymentPostprocessing = 0;
		};
		671BC7862FD9FDDF001CA700 /* Frameworks */ = {
			isa = PBXFrameworksBuildPhase;
			buildActionMask = 2147483647;
			files = (
			);
			runOnlyForDeploymentPostprocessing = 0;
		};
/* End PBXFrameworksBuildPhase section */

/* Begin PBXGroup section */
		671BC7652FD9FDDF001CA700 = {
			isa = PBXGroup;
			children = (
				671BC7702FD9FDDF001CA700 /* Auto GDPR Reject */,
				671BC78D2FD9FDDF001CA700 /* Auto GDPR Reject Extension */,
				671BC76F2FD9FDDF001CA700 /* Products */,
			);
			sourceTree = "<group>";
		};
		671BC76F2FD9FDDF001CA700 /* Products */ = {
			isa = PBXGroup;
			children = (
				671BC76E2FD9FDDF001CA700 /* Auto GDPR Reject.app */,
				671BC7892FD9FDDF001CA700 /* Auto GDPR Reject Extension.appex */,
			);
			name = Products;
			sourceTree = "<group>";
		};
		671BC7702FD9FDDF001CA700 /* Auto GDPR Reject */ = {
			isa = PBXGroup;
			children = (
				671BC7B22FD9FDDF001CA700 /* AutoGDPRRejectApp.swift */,
				671BC7B42FD9FDDF001CA700 /* ContentView.swift */,
				671BC7822FD9FDDF001CA700 /* Assets.xcassets */,
				671BC7842FD9FDDF001CA700 /* Info.plist */,
			);
			path = "Auto GDPR Reject";
			sourceTree = "<group>";
		};
		671BC78D2FD9FDDF001CA700 /* Auto GDPR Reject Extension */ = {
			isa = PBXGroup;
			children = (
				671BC79A2FD9FDDF001CA700 /* Resources */,
				671BC78E2FD9FDDF001CA700 /* SafariWebExtensionHandler.swift */,
				671BC7902FD9FDDF001CA700 /* Info.plist */,
			);
			path = "Auto GDPR Reject Extension";
			sourceTree = "<group>";
		};
		671BC79A2FD9FDDF001CA700 /* Resources */ = {
			isa = PBXGroup;
			children = (
				671BC79B2FD9FDDF001CA700 /* images */,
				671BC79C2FD9FDDF001CA700 /* manifest.json */,
				671BC79D2FD9FDDF001CA700 /* content.js */,
			);
			name = Resources;
			path = "Auto GDPR Reject Extension";
			sourceTree = SOURCE_ROOT;
		};
/* End PBXGroup section */

/* Begin PBXNativeTarget section */
		671BC76D2FD9FDDF001CA700 /* Auto GDPR Reject */ = {
			isa = PBXNativeTarget;
			buildConfigurationList = 671BC7972FD9FDDF001CA700 /* Build configuration list for PBXNativeTarget "Auto GDPR Reject" */;
			buildPhases = (
				671BC76A2FD9FDDF001CA700 /* Sources */,
				671BC76B2FD9FDDF001CA700 /* Frameworks */,
				671BC76C2FD9FDDF001CA700 /* Resources */,
				671BC7962FD9FDDF001CA700 /* Embed Foundation Extensions */,
			);
			buildRules = (
			);
			dependencies = (
				671BC78C2FD9FDDF001CA700 /* PBXTargetDependency */,
			);
			name = "Auto GDPR Reject";
			packageProductDependencies = (
			);
			productName = "Auto GDPR Reject";
			productReference = 671BC76E2FD9FDDF001CA700 /* Auto GDPR Reject.app */;
			productType = "com.apple.product-type.application";
		};
		671BC7882FD9FDDF001CA700 /* Auto GDPR Reject Extension */ = {
			isa = PBXNativeTarget;
			buildConfigurationList = 671BC7932FD9FDDF001CA700 /* Build configuration list for PBXNativeTarget "Auto GDPR Reject Extension" */;
			buildPhases = (
				671BC7852FD9FDDF001CA700 /* Sources */,
				671BC7862FD9FDDF001CA700 /* Frameworks */,
				671BC7872FD9FDDF001CA700 /* Resources */,
			);
			buildRules = (
			);
			dependencies = (
			);
			name = "Auto GDPR Reject Extension";
			packageProductDependencies = (
			);
			productName = "Auto GDPR Reject Extension";
			productReference = 671BC7892FD9FDDF001CA700 /* Auto GDPR Reject Extension.appex */;
			productType = "com.apple.product-type.app-extension";
		};
/* End PBXNativeTarget section */

/* Begin PBXProject section */
		671BC7662FD9FDDF001CA700 /* Project object */ = {
			isa = PBXProject;
			attributes = {
				BuildIndependentTargetsInParallel = 1;
				LastSwiftUpdateCheck = 2650;
				LastUpgradeCheck = 2650;
				TargetAttributes = {
					671BC76D2FD9FDDF001CA700 = {
						CreatedOnToolsVersion = 26.5;
					};
					671BC7882FD9FDDF001CA700 = {
						CreatedOnToolsVersion = 26.5;
					};
				};
			};
			buildConfigurationList = 671BC7692FD9FDDF001CA700 /* Build configuration list for PBXProject "Auto GDPR Reject" */;
			developmentRegion = en;
			hasScannedForEncodings = 0;
			knownRegions = (
				en,
				Base,
			);
			mainGroup = 671BC7652FD9FDDF001CA700;
			minimizedProjectReferenceProxies = 1;
			preferredProjectObjectVersion = 77;
			productRefGroup = 671BC76F2FD9FDDF001CA700 /* Products */;
			projectDirPath = "";
			projectRoot = "";
			targets = (
				671BC76D2FD9FDDF001CA700 /* Auto GDPR Reject */,
				671BC7882FD9FDDF001CA700 /* Auto GDPR Reject Extension */,
			);
		};
/* End PBXProject section */

/* Begin PBXResourcesBuildPhase section */
		671BC76C2FD9FDDF001CA700 /* Resources */ = {
			isa = PBXResourcesBuildPhase;
			buildActionMask = 2147483647;
			files = (
				671BC7832FD9FDDF001CA700 /* Assets.xcassets in Resources */,
			);
			runOnlyForDeploymentPostprocessing = 0;
		};
		671BC7872FD9FDDF001CA700 /* Resources */ = {
			isa = PBXResourcesBuildPhase;
			buildActionMask = 2147483647;
			files = (
				671BC7A02FD9FDDF001CA700 /* content.js in Resources */,
				671BC79F2FD9FDDF001CA700 /* manifest.json in Resources */,
				671BC79E2FD9FDDF001CA700 /* images in Resources */,
			);
			runOnlyForDeploymentPostprocessing = 0;
		};
/* End PBXResourcesBuildPhase section */

/* Begin PBXSourcesBuildPhase section */
		671BC76A2FD9FDDF001CA700 /* Sources */ = {
			isa = PBXSourcesBuildPhase;
			buildActionMask = 2147483647;
			files = (
				671BC7B12FD9FDDF001CA700 /* AutoGDPRRejectApp.swift in Sources */,
				671BC7B32FD9FDDF001CA700 /* ContentView.swift in Sources */,
			);
			runOnlyForDeploymentPostprocessing = 0;
		};
		671BC7852FD9FDDF001CA700 /* Sources */ = {
			isa = PBXSourcesBuildPhase;
			buildActionMask = 2147483647;
			files = (
				671BC78F2FD9FDDF001CA700 /* SafariWebExtensionHandler.swift in Sources */,
			);
			runOnlyForDeploymentPostprocessing = 0;
		};
/* End PBXSourcesBuildPhase section */

/* Begin PBXTargetDependency section */
		671BC78C2FD9FDDF001CA700 /* PBXTargetDependency */ = {
			isa = PBXTargetDependency;
			target = 671BC7882FD9FDDF001CA700 /* Auto GDPR Reject Extension */;
			targetProxy = 671BC78B2FD9FDDF001CA700 /* PBXContainerItemProxy */;
		};
/* End PBXTargetDependency section */

/* Begin XCBuildConfiguration section */
		671BC7912FD9FDDF001CA700 /* Debug */ = {
			isa = XCBuildConfiguration;
			buildSettings = {
				ALWAYS_SEARCH_USER_PATHS = NO;
				ASSETCATALOG_COMPILER_GENERATE_SWIFT_ASSET_SYMBOL_EXTENSIONS = YES;
				CLANG_ANALYZER_NONNULL = YES;
				CLANG_ANALYZER_NUMBER_OBJECT_CONVERSION = YES_AGGRESSIVE;
				CLANG_CXX_LANGUAGE_STANDARD = "gnu++20";
				CLANG_ENABLE_MODULES = YES;
				CLANG_ENABLE_OBJC_ARC = YES;
				CLANG_ENABLE_OBJC_WEAK = YES;
				CLANG_WARN_BLOCK_CAPTURE_AUTORELEASING = YES;
				CLANG_WARN_BOOL_CONVERSION = YES;
				CLANG_WARN_COMMA = YES;
				CLANG_WARN_CONSTANT_CONVERSION = YES;
				CLANG_WARN_DEPRECATED_OBJC_IMPLEMENTATIONS = YES;
				CLANG_WARN_DIRECT_OBJC_ISA_USAGE = YES_ERROR;
				CLANG_WARN_DOCUMENTATION_COMMENTS = YES;
				CLANG_WARN_EMPTY_BODY = YES;
				CLANG_WARN_ENUM_CONVERSION = YES;
				CLANG_WARN_INFINITE_RECURSION = YES;
				CLANG_WARN_INT_CONVERSION = YES;
				CLANG_WARN_NON_LITERAL_NULL_CONVERSION = YES;
				CLANG_WARN_OBJC_IMPLICIT_RETAIN_SELF = YES;
				CLANG_WARN_OBJC_LITERAL_CONVERSION = YES;
				CLANG_WARN_OBJC_ROOT_CLASS = YES_ERROR;
				CLANG_WARN_QUOTED_INCLUDE_IN_FRAMEWORK_HEADER = YES;
				CLANG_WARN_RANGE_LOOP_ANALYSIS = YES;
				CLANG_WARN_STRICT_PROTOTYPES = YES;
				CLANG_WARN_SUSPICIOUS_MOVE = YES;
				CLANG_WARN_UNGUARDED_AVAILABILITY = YES_AGGRESSIVE;
				CLANG_WARN_UNREACHABLE_CODE = YES;
				CLANG_WARN__DUPLICATE_METHOD_MATCH = YES;
				COPY_PHASE_STRIP = NO;
				DEBUG_INFORMATION_FORMAT = dwarf;
				ENABLE_STRICT_OBJC_MSGSEND = YES;
				ENABLE_TESTABILITY = YES;
				ENABLE_USER_SCRIPT_SANDBOXING = YES;
				GCC_C_LANGUAGE_STANDARD = gnu17;
				GCC_DYNAMIC_NO_PIC = NO;
				GCC_NO_COMMON_BLOCKS = YES;
				GCC_OPTIMIZATION_LEVEL = 0;
				GCC_PREPROCESSOR_DEFINITIONS = (
					"DEBUG=1",
					"$(inherited)",
				);
				GCC_WARN_64_TO_32_BIT_CONVERSION = YES;
				GCC_WARN_ABOUT_RETURN_TYPE = YES_ERROR;
				GCC_WARN_UNDECLARED_SELECTOR = YES;
				GCC_WARN_UNINITIALIZED_AUTOS = YES_AGGRESSIVE;
				GCC_WARN_UNUSED_FUNCTION = YES;
				GCC_WARN_UNUSED_VARIABLE = YES;
				LOCALIZATION_PREFERS_STRING_CATALOGS = YES;
				MACOSX_DEPLOYMENT_TARGET = 26.5;
				MTL_ENABLE_DEBUG_INFO = INCLUDE_SOURCE;
				MTL_FAST_MATH = YES;
				ONLY_ACTIVE_ARCH = YES;
				SDKROOT = macosx;
				SWIFT_ACTIVE_COMPILATION_CONDITIONS = "DEBUG $(inherited)";
				SWIFT_OPTIMIZATION_LEVEL = "-Onone";
			};
			name = Debug;
		};
		671BC7922FD9FDDF001CA700 /* Release */ = {
			isa = XCBuildConfiguration;
			buildSettings = {
				ALWAYS_SEARCH_USER_PATHS = NO;
				ASSETCATALOG_COMPILER_GENERATE_SWIFT_ASSET_SYMBOL_EXTENSIONS = YES;
				CLANG_ANALYZER_NONNULL = YES;
				CLANG_ANALYZER_NUMBER_OBJECT_CONVERSION = YES_AGGRESSIVE;
				CLANG_CXX_LANGUAGE_STANDARD = "gnu++20";
				CLANG_ENABLE_MODULES = YES;
				CLANG_ENABLE_OBJC_ARC = YES;
				CLANG_ENABLE_OBJC_WEAK = YES;
				CLANG_WARN_BLOCK_CAPTURE_AUTORELEASING = YES;
				CLANG_WARN_BOOL_CONVERSION = YES;
				CLANG_WARN_COMMA = YES;
				CLANG_WARN_CONSTANT_CONVERSION = YES;
				CLANG_WARN_DEPRECATED_OBJC_IMPLEMENTATIONS = YES;
				CLANG_WARN_DIRECT_OBJC_ISA_USAGE = YES_ERROR;
				CLANG_WARN_DOCUMENTATION_COMMENTS = YES;
				CLANG_WARN_EMPTY_BODY = YES;
				CLANG_WARN_ENUM_CONVERSION = YES;
				CLANG_WARN_INFINITE_RECURSION = YES;
				CLANG_WARN_INT_CONVERSION = YES;
				CLANG_WARN_NON_LITERAL_NULL_CONVERSION = YES;
				CLANG_WARN_OBJC_IMPLICIT_RETAIN_SELF = YES;
				CLANG_WARN_OBJC_LITERAL_CONVERSION = YES;
				CLANG_WARN_OBJC_ROOT_CLASS = YES_ERROR;
				CLANG_WARN_QUOTED_INCLUDE_IN_FRAMEWORK_HEADER = YES;
				CLANG_WARN_RANGE_LOOP_ANALYSIS = YES;
				CLANG_WARN_STRICT_PROTOTYPES = YES;
				CLANG_WARN_SUSPICIOUS_MOVE = YES;
				CLANG_WARN_UNGUARDED_AVAILABILITY = YES_AGGRESSIVE;
				CLANG_WARN_UNREACHABLE_CODE = YES;
				CLANG_WARN__DUPLICATE_METHOD_MATCH = YES;
				COPY_PHASE_STRIP = NO;
				DEBUG_INFORMATION_FORMAT = "dwarf-with-dsym";
				ENABLE_NS_ASSERTIONS = NO;
				ENABLE_STRICT_OBJC_MSGSEND = YES;
				ENABLE_USER_SCRIPT_SANDBOXING = YES;
				GCC_C_LANGUAGE_STANDARD = gnu17;
				GCC_NO_COMMON_BLOCKS = YES;
				GCC_WARN_64_TO_32_BIT_CONVERSION = YES;
				GCC_WARN_ABOUT_RETURN_TYPE = YES_ERROR;
				GCC_WARN_UNDECLARED_SELECTOR = YES;
				GCC_WARN_UNINITIALIZED_AUTOS = YES_AGGRESSIVE;
				GCC_WARN_UNUSED_FUNCTION = YES;
				GCC_WARN_UNUSED_VARIABLE = YES;
				LOCALIZATION_PREFERS_STRING_CATALOGS = YES;
				MACOSX_DEPLOYMENT_TARGET = 26.5;
				MTL_ENABLE_DEBUG_INFO = NO;
				MTL_FAST_MATH = YES;
				SDKROOT = macosx;
				SWIFT_COMPILATION_MODE = wholemodule;
			};
			name = Release;
		};
		671BC7942FD9FDDF001CA700 /* Debug */ = {
			isa = XCBuildConfiguration;
			buildSettings = {
				CODE_SIGN_STYLE = Automatic;
				CURRENT_PROJECT_VERSION = 1;
				ENABLE_APP_SANDBOX = YES;
				ENABLE_HARDENED_RUNTIME = YES;
				ENABLE_USER_SELECTED_FILES = readonly;
				GENERATE_INFOPLIST_FILE = YES;
				INFOPLIST_FILE = "Auto GDPR Reject Extension/Info.plist";
				INFOPLIST_KEY_CFBundleDisplayName = "Auto GDPR Reject Extension";
				INFOPLIST_KEY_NSHumanReadableCopyright = "";
				LD_RUNPATH_SEARCH_PATHS = (
					"$(inherited)",
					"@executable_path/../Frameworks",
					"@executable_path/../../../../Frameworks",
				);
				MACOSX_DEPLOYMENT_TARGET = 10.14;
				MARKETING_VERSION = 1.0;
				OTHER_LDFLAGS = (
					"-framework",
					SafariServices,
				);
				PRODUCT_BUNDLE_IDENTIFIER = com.chadwishner.AutoGDPRReject.Extension;
				PRODUCT_NAME = "$(TARGET_NAME)";
				SKIP_INSTALL = YES;
				STRING_CATALOG_GENERATE_SYMBOLS = YES;
				SWIFT_APPROACHABLE_CONCURRENCY = YES;
				SWIFT_EMIT_LOC_STRINGS = YES;
				SWIFT_UPCOMING_FEATURE_MEMBER_IMPORT_VISIBILITY = YES;
				SWIFT_VERSION = 5.0;
			};
			name = Debug;
		};
		671BC7952FD9FDDF001CA700 /* Release */ = {
			isa = XCBuildConfiguration;
			buildSettings = {
				CODE_SIGN_STYLE = Automatic;
				CURRENT_PROJECT_VERSION = 1;
				ENABLE_APP_SANDBOX = YES;
				ENABLE_HARDENED_RUNTIME = YES;
				ENABLE_USER_SELECTED_FILES = readonly;
				GENERATE_INFOPLIST_FILE = YES;
				INFOPLIST_FILE = "Auto GDPR Reject Extension/Info.plist";
				INFOPLIST_KEY_CFBundleDisplayName = "Auto GDPR Reject Extension";
				INFOPLIST_KEY_NSHumanReadableCopyright = "";
				LD_RUNPATH_SEARCH_PATHS = (
					"$(inherited)",
					"@executable_path/../Frameworks",
					"@executable_path/../../../../Frameworks",
				);
				MACOSX_DEPLOYMENT_TARGET = 10.14;
				MARKETING_VERSION = 1.0;
				OTHER_LDFLAGS = (
					"-framework",
					SafariServices,
				);
				PRODUCT_BUNDLE_IDENTIFIER = com.chadwishner.AutoGDPRReject.Extension;
				PRODUCT_NAME = "$(TARGET_NAME)";
				SKIP_INSTALL = YES;
				STRING_CATALOG_GENERATE_SYMBOLS = YES;
				SWIFT_APPROACHABLE_CONCURRENCY = YES;
				SWIFT_EMIT_LOC_STRINGS = YES;
				SWIFT_UPCOMING_FEATURE_MEMBER_IMPORT_VISIBILITY = YES;
				SWIFT_VERSION = 5.0;
			};
			name = Release;
		};
		671BC7982FD9FDDF001CA700 /* Debug */ = {
			isa = XCBuildConfiguration;
			buildSettings = {
				ASSETCATALOG_COMPILER_APPICON_NAME = AppIcon;
				ASSETCATALOG_COMPILER_GLOBAL_ACCENT_COLOR_NAME = AccentColor;
				CODE_SIGN_STYLE = Automatic;
				COMBINE_HIDPI_IMAGES = YES;
				CURRENT_PROJECT_VERSION = 1;
				ENABLE_APP_SANDBOX = YES;
				ENABLE_HARDENED_RUNTIME = YES;
				ENABLE_OUTGOING_NETWORK_CONNECTIONS = YES;
				ENABLE_USER_SELECTED_FILES = readonly;
				GENERATE_INFOPLIST_FILE = YES;
				INFOPLIST_FILE = "Auto GDPR Reject/Info.plist";
				INFOPLIST_KEY_CFBundleDisplayName = "Auto GDPR Reject";
				INFOPLIST_KEY_NSHumanReadableCopyright = "";
				INFOPLIST_KEY_NSPrincipalClass = NSApplication;
				LD_RUNPATH_SEARCH_PATHS = (
					"$(inherited)",
					"@executable_path/../Frameworks",
				);
				MARKETING_VERSION = 1.0;
				OTHER_LDFLAGS = (
					"-framework",
					SafariServices,
				);
				PRODUCT_BUNDLE_IDENTIFIER = com.chadwishner.AutoGDPRReject;
				PRODUCT_NAME = "$(TARGET_NAME)";
				REGISTER_APP_GROUPS = YES;
				STRING_CATALOG_GENERATE_SYMBOLS = YES;
				SWIFT_APPROACHABLE_CONCURRENCY = YES;
				SWIFT_DEFAULT_ACTOR_ISOLATION = MainActor;
				SWIFT_EMIT_LOC_STRINGS = YES;
				SWIFT_UPCOMING_FEATURE_MEMBER_IMPORT_VISIBILITY = YES;
				SWIFT_VERSION = 5.0;
			};
			name = Debug;
		};
		671BC7992FD9FDDF001CA700 /* Release */ = {
			isa = XCBuildConfiguration;
			buildSettings = {
				ASSETCATALOG_COMPILER_APPICON_NAME = AppIcon;
				ASSETCATALOG_COMPILER_GLOBAL_ACCENT_COLOR_NAME = AccentColor;
				CODE_SIGN_STYLE = Automatic;
				COMBINE_HIDPI_IMAGES = YES;
				CURRENT_PROJECT_VERSION = 1;
				ENABLE_APP_SANDBOX = YES;
				ENABLE_HARDENED_RUNTIME = YES;
				ENABLE_OUTGOING_NETWORK_CONNECTIONS = YES;
				ENABLE_USER_SELECTED_FILES = readonly;
				GENERATE_INFOPLIST_FILE = YES;
				INFOPLIST_FILE = "Auto GDPR Reject/Info.plist";
				INFOPLIST_KEY_CFBundleDisplayName = "Auto GDPR Reject";
				INFOPLIST_KEY_NSHumanReadableCopyright = "";
				INFOPLIST_KEY_NSPrincipalClass = NSApplication;
				LD_RUNPATH_SEARCH_PATHS = (
					"$(inherited)",
					"@executable_path/../Frameworks",
				);
				MARKETING_VERSION = 1.0;
				OTHER_LDFLAGS = (
					"-framework",
					SafariServices,
				);
				PRODUCT_BUNDLE_IDENTIFIER = com.chadwishner.AutoGDPRReject;
				PRODUCT_NAME = "$(TARGET_NAME)";
				REGISTER_APP_GROUPS = YES;
				STRING_CATALOG_GENERATE_SYMBOLS = YES;
				SWIFT_APPROACHABLE_CONCURRENCY = YES;
				SWIFT_DEFAULT_ACTOR_ISOLATION = MainActor;
				SWIFT_EMIT_LOC_STRINGS = YES;
				SWIFT_UPCOMING_FEATURE_MEMBER_IMPORT_VISIBILITY = YES;
				SWIFT_VERSION = 5.0;
			};
			name = Release;
		};
/* End XCBuildConfiguration section */

/* Begin XCConfigurationList section */
		671BC7692FD9FDDF001CA700 /* Build configuration list for PBXProject "Auto GDPR Reject" */ = {
			isa = XCConfigurationList;
			buildConfigurations = (
				671BC7912FD9FDDF001CA700 /* Debug */,
				671BC7922FD9FDDF001CA700 /* Release */,
			);
			defaultConfigurationIsVisible = 0;
			defaultConfigurationName = Release;
		};
		671BC7932FD9FDDF001CA700 /* Build configuration list for PBXNativeTarget "Auto GDPR Reject Extension" */ = {
			isa = XCConfigurationList;
			buildConfigurations = (
				671BC7942FD9FDDF001CA700 /* Debug */,
				671BC7952FD9FDDF001CA700 /* Release */,
			);
			defaultConfigurationIsVisible = 0;
			defaultConfigurationName = Release;
		};
		671BC7972FD9FDDF001CA700 /* Build configuration list for PBXNativeTarget "Auto GDPR Reject" */ = {
			isa = XCConfigurationList;
			buildConfigurations = (
				671BC7982FD9FDDF001CA700 /* Debug */,
				671BC7992FD9FDDF001CA700 /* Release */,
			);
			defaultConfigurationIsVisible = 0;
			defaultConfigurationName = Release;
		};
/* End XCConfigurationList section */
	};
	rootObject = 671BC7662FD9FDDF001CA700 /* Project object */;
}
